// !$*UTF8*$!
{
	archiveVersion = 1;
	classes = {
	};
	objectVersion = 50;
	objects = {

/* Begin PBXBuildFile section */
		DA1EB9DB231257B6001086BA /* pictures.xcassets in Resources */ = {isa = PBXBuildFile; fileRef = DA1EB9DA231257B6001086BA /* pictures.xcassets */; };
		DA1EB9E123127E35001086BA /* PrivatCurrenciesVC.swift in Sources */ = {isa = PBXBuildFile; fileRef = DA1EB9E023127E35001086BA /* PrivatCurrenciesVC.swift */; };
		DA1EB9E5231290F6001086BA /* ExtensionCurrencyVC.swift in Sources */ = {isa = PBXBuildFile; fileRef = DA1EB9E4231290F6001086BA /* ExtensionCurrencyVC.swift */; };
		DA1EB9E723129277001086BA /* ExtensionPrivatCurrenciesVC.swift in Sources */ = {isa = PBXBuildFile; fileRef = DA1EB9E623129277001086BA /* ExtensionPrivatCurrenciesVC.swift */; };
		DA26634023100EBB0078C6D8 /* AppDelegate.swift in Sources */ = {isa = PBXBuildFile; fileRef = DA26633F23100EBB0078C6D8 /* AppDelegate.swift */; };
		DA26634A23100EBC0078C6D8 /* LaunchScreen.storyboard in Resources */ = {isa = PBXBuildFile; fileRef = DA26634823100EBC0078C6D8 /* LaunchScreen.storyboard */; };
		DA26635D231010E70078C6D8 /* CurrencyScreen.storyboard in Resources */ = {isa = PBXBuildFile; fileRef = DA26635C231010E70078C6D8 /* CurrencyScreen.storyboard */; };
		DA26635F2310112A0078C6D8 /* CurrencyVC.swift in Sources */ = {isa = PBXBuildFile; fileRef = DA26635E2310112A0078C6D8 /* CurrencyVC.swift */; };
		DA266361231011EB0078C6D8 /* Currency.swift in Sources */ = {isa = PBXBuildFile; fileRef = DA266360231011EB0078C6D8 /* Currency.swift */; };
		DAC007FB231181350040B037 /* TableViewController.swift in Sources */ = {isa = PBXBuildFile; fileRef = DAC007FA231181350040B037 /* TableViewController.swift */; };
		DAC0080723119DD40040B037 /* CurrencyPrivat.swift in Sources */ = {isa = PBXBuildFile; fileRef = DAC0080623119DD40040B037 /* CurrencyPrivat.swift */; };
		DAFC21452312423F001604ED /* PrivatCell.swift in Sources */ = {isa = PBXBuildFile; fileRef = DAFC21442312423F001604ED /* PrivatCell.swift */; };
/* End PBXBuildFile section */

/* Begin PBXFileReference section */
		DA1EB9DA231257B6001086BA /* pictures.xcassets */ = {isa = PBXFileReference; lastKnownFileType = folder.assetcatalog; path = pictures.xcassets; sourceTree = "<group>"; };
		DA1EB9E023127E35001086BA /* PrivatCurrenciesVC.swift */ = {isa = PBXFileReference; lastKnownFileType = sourcecode.swift; path = PrivatCurrenciesVC.swift; sourceTree = "<group>"; };
		DA1EB9E4231290F6001086BA /* ExtensionCurrencyVC.swift */ = {isa = PBXFileReference; lastKnownFileType = sourcecode.swift; path = ExtensionCurrencyVC.swift; sourceTree = "<group>"; };
		DA1EB9E623129277001086BA /* ExtensionPrivatCurrenciesVC.swift */ = {isa = PBXFileReference; lastKnownFileType = sourcecode.swift; path = ExtensionPrivatCurrenciesVC.swift; sourceTree = "<group>"; };
		DA26633C23100EBB0078C6D8 /* MyNetworkApp.app */ = {isa = PBXFileReference; explicitFileType = wrapper.application; includeInIndex = 0; path = MyNetworkApp.app; sourceTree = BUILT_PRODUCTS_DIR; };
		DA26633F23100EBB0078C6D8 /* AppDelegate.swift */ = {isa = PBXFileReference; lastKnownFileType = sourcecode.swift; path = AppDelegate.swift; sourceTree = "<group>"; };
		DA26634923100EBC0078C6D8 /* Base */ = {isa = PBXFileReference; lastKnownFileType = file.storyboard; name = Base; path = Base.lproj/LaunchScreen.storyboard; sourceTree = "<group>"; };
		DA26634B23100EBC0078C6D8 /* Info.plist */ = {isa = PBXFileReference; lastKnownFileType = text.plist.xml; path = Info.plist; sourceTree = "<group>"; };
		DA26635C231010E70078C6D8 /* CurrencyScreen.storyboard */ = {isa = PBXFileReference; lastKnownFileType = file.storyboard; path = CurrencyScreen.storyboard; sourceTree = "<group>"; };
		DA26635E2310112A0078C6D8 /* CurrencyVC.swift */ = {isa = PBXFileReference; lastKnownFileType = sourcecode.swift; path = CurrencyVC.swift; sourceTree = "<group>"; };
		DA266360231011EB0078C6D8 /* Currency.swift */ = {isa = PBXFileReference; lastKnownFileType = sourcecode.swift; path = Currency.swift; sourceTree = "<group>"; };
		DAC007FA231181350040B037 /* TableViewController.swift */ = {isa = PBXFileReference; lastKnownFileType = sourcecode.swift; path = TableViewController.swift; sourceTree = "<group>"; };
		DAC0080623119DD40040B037 /* CurrencyPrivat.swift */ = {isa = PBXFileReference; lastKnownFileType = sourcecode.swift; path = CurrencyPrivat.swift; sourceTree = "<group>"; };
		DAFC21442312423F001604ED /* PrivatCell.swift */ = {isa = PBXFileReference; lastKnownFileType = sourcecode.swift; path = PrivatCell.swift; sourceTree = "<group>"; };
/* End PBXFileReference section */

/* Begin PBXFrameworksBuildPhase section */
		DA26633923100EBB0078C6D8 /* Frameworks */ = {
			isa = PBXFrameworksBuildPhase;
			buildActionMask = 2147483647;
			files = (
			);
			runOnlyForDeploymentPostprocessing = 0;
		};
/* End PBXFrameworksBuildPhase section */

/* Begin PBXGroup section */
		DA26633323100EBB0078C6D8 = {
			isa = PBXGroup;
			children = (
				DA26633E23100EBB0078C6D8 /* MyNetworkApp */,
				DA26633D23100EBB0078C6D8 /* Products */,
			);
			sourceTree = "<group>";
		};
		DA26633D23100EBB0078C6D8 /* Products */ = {
			isa = PBXGroup;
			children = (
				DA26633C23100EBB0078C6D8 /* MyNetworkApp.app */,
			);
			name = Products;
			sourceTree = "<group>";
		};
		DA26633E23100EBB0078C6D8 /* MyNetworkApp */ = {
			isa = PBXGroup;
			children = (
				DA26635323100FC50078C6D8 /* Models */,
				DA26635523100FD70078C6D8 /* View Contorlles */,
				DA26635623100FE10078C6D8 /* Helpers */,
				DA26635723100FEC0078C6D8 /* Storyboards */,
				DA26635823100FF80078C6D8 /* Resources */,
				DA266359231010000078C6D8 /* App */,
			);
			path = MyNetworkApp;
			sourceTree = "<group>";
		};
		DA26635323100FC50078C6D8 /* Models */ = {
			isa = PBXGroup;
			children = (
				DA266360231011EB0078C6D8 /* Currency.swift */,
				DAC0080623119DD40040B037 /* CurrencyPrivat.swift */,
			);
			path = Models;
			sourceTree = "<group>";
		};
		DA26635523100FD70078C6D8 /* View Contorlles */ = {
			isa = PBXGroup;
			children = (
				DA26635E2310112A0078C6D8 /* CurrencyVC.swift */,
				DA1EB9E4231290F6001086BA /* ExtensionCurrencyVC.swift */,
				DA1EB9E023127E35001086BA /* PrivatCurrenciesVC.swift */,
				DA1EB9E623129277001086BA /* ExtensionPrivatCurrenciesVC.swift */,
			);
			path = "View Contorlles";
			sourceTree = "<group>";
		};
		DA26635623100FE10078C6D8 /* Helpers */ = {
			isa = PBXGroup;
			children = (
				DAFC21442312423F001604ED /* PrivatCell.swift */,
			);
			path = Helpers;
			sourceTree = "<group>";
		};
		DA26635723100FEC0078C6D8 /* Storyboards */ = {
			isa = PBXGroup;
			children = (
				DA26635C231010E70078C6D8 /* CurrencyScreen.storyboard */,
				DA26634823100EBC0078C6D8 /* LaunchScreen.storyboard */,
			);
			path = Storyboards;
			sourceTree = "<group>";
		};
		DA26635823100FF80078C6D8 /* Resources */ = {
			isa = PBXGroup;
			children = (
				DA1EB9DA231257B6001086BA /* pictures.xcassets */,
			);
			path = Resources;
			sourceTree = "<group>";
		};
		DA266359231010000078C6D8 /* App */ = {
			isa = PBXGroup;
			children = (
				DA26633F23100EBB0078C6D8 /* AppDelegate.swift */,
				DA26634B23100EBC0078C6D8 /* Info.plist */,
				DAC007FA231181350040B037 /* TableViewController.swift */,
			);
			path = App;
			sourceTree = "<group>";
		};
/* End PBXGroup section */

/* Begin PBXNativeTarget section */
		DA26633B23100EBB0078C6D8 /* MyNetworkApp */ = {
			isa = PBXNativeTarget;
			buildConfigurationList = DA26634E23100EBC0078C6D8 /* Build configuration list for PBXNativeTarget "MyNetworkApp" */;
			buildPhases = (
				DA26633823100EBB0078C6D8 /* Sources */,
				DA26633923100EBB0078C6D8 /* Frameworks */,
				DA26633A23100EBB0078C6D8 /* Resources */,
			);
			buildRules = (
			);
			dependencies = (
			);
			name = MyNetworkApp;
			productName = MyNetworkApp;
			productReference = DA26633C23100EBB0078C6D8 /* MyNetworkApp.app */;
			productType = "com.apple.product-type.application";
		};
/* End PBXNativeTarget section */

/* Begin PBXProject section */
		DA26633423100EBB0078C6D8 /* Project object */ = {
			isa = PBXProject;
			attributes = {
				LastSwiftUpdateCheck = 1030;
				LastUpgradeCheck = 1030;
				ORGANIZATIONNAME = "Borys Krisko";
				TargetAttributes = {
					DA26633B23100EBB0078C6D8 = {
						CreatedOnToolsVersion = 10.3;
					};
				};
			};
			buildConfigurationList = DA26633723100EBB0078C6D8 /* Build configuration list for PBXProject "MyNetworkApp" */;
			compatibilityVersion = "Xcode 9.3";
			developmentRegion = en;
			hasScannedForEncodings = 0;
			knownRegions = (
				en,
				Base,
			);
			mainGroup = DA26633323100EBB0078C6D8;
			productRefGroup = DA26633D23100EBB0078C6D8 /* Products */;
			projectDirPath = "";
			projectRoot = "";
			targets = (
				DA26633B23100EBB0078C6D8 /* MyNetworkApp */,
			);
		};
/* End PBXProject section */

/* Begin PBXResourcesBuildPhase section */
		DA26633A23100EBB0078C6D8 /* Resources */ = {
			isa = PBXResourcesBuildPhase;
			buildActionMask = 2147483647;
			files = (
				DA1EB9DB231257B6001086BA /* pictures.xcassets in Resources */,
				DA26634A23100EBC0078C6D8 /* LaunchScreen.storyboard in Resources */,
				DA26635D231010E70078C6D8 /* CurrencyScreen.storyboard in Resources */,
			);
			runOnlyForDeploymentPostprocessing = 0;
		};
/* End PBXResourcesBuildPhase section */

/* Begin PBXSourcesBuildPhase section */
		DA26633823100EBB0078C6D8 /* Sources */ = {
			isa = PBXSourcesBuildPhase;
			buildActionMask = 2147483647;
			files = (
				DA1EB9E723129277001086BA /* ExtensionPrivatCurrenciesVC.swift in Sources */,
				DAC0080723119DD40040B037 /* CurrencyPrivat.swift in Sources */,
				DA266361231011EB0078C6D8 /* Currency.swift in Sources */,
				DA26634023100EBB0078C6D8 /* AppDelegate.swift in Sources */,
				DA26635F2310112A0078C6D8 /* CurrencyVC.swift in Sources */,
				DAFC21452312423F001604ED /* PrivatCell.swift in Sources */,
				DA1EB9E5231290F6001086BA /* ExtensionCurrencyVC.swift in Sources */,
				DA1EB9E123127E35001086BA /* PrivatCurrenciesVC.swift in Sources */,
				DAC007FB231181350040B037 /* TableViewController.swift in Sources */,
			);
			runOnlyForDeploymentPostprocessing = 0;
		};
/* End PBXSourcesBuildPhase section */

/* Begin PBXVariantGroup section */
		DA26634823100EBC0078C6D8 /* LaunchScreen.storyboard */ = {
			isa = PBXVariantGroup;
			children = (
				DA26634923100EBC0078C6D8 /* Base */,
			);
			name = LaunchScreen.storyboard;
			sourceTree = "<group>";
		};
/* End PBXVariantGroup section */

/* Begin XCBuildConfiguration section */
		DA26634C23100EBC0078C6D8 /* Debug */ = {
			isa = XCBuildConfiguration;
			buildSettings = {
				ALWAYS_SEARCH_USER_PATHS = NO;
				CLANG_ANALYZER_NONNULL = YES;
				CLANG_ANALYZER_NUMBER_OBJECT_CONVERSION = YES_AGGRESSIVE;
				CLANG_CXX_LANGUAGE_STANDARD = "gnu++14";
				CLANG_CXX_LIBRARY = "libc++";
				CLANG_ENABLE_MODULES = YES;
				CLANG_ENABLE_OBJC_ARC = YES;
				CLANG_ENABLE_OBJC_WEAK = YES;
				CLANG_WARN_BLOCK_CAPTURE_AUTORELEASING = YES;
				CLANG_WARN_BOOL_CONVERSION = YES;
				CLANG_WARN_COMMA = YES;
				CLANG_WARN_CONSTANT_CONVERSION = YES;
				CLANG_WARN_DEPRECATED_OBJC_IMPLEMENTATIONS = YES;
				CLANG_WARN_DIRECT_OBJC_ISA_USAGE = YES_ERROR;
				CLANG_WARN_DOCUMENTATION_COMMENTS = YES;
				CLANG_WARN_EMPTY_BODY = YES;
				CLANG_WARN_ENUM_CONVERSION = YES;
				CLANG_WARN_INFINITE_RECURSION = YES;
				CLANG_WARN_INT_CONVERSION = YES;
				CLANG_WARN_NON_LITERAL_NULL_CONVERSION = YES;
				CLANG_WARN_OBJC_IMPLICIT_RETAIN_SELF = YES;
				CLANG_WARN_OBJC_LITERAL_CONVERSION = YES;
				CLANG_WARN_OBJC_ROOT_CLASS = YES_ERROR;
				CLANG_WARN_RANGE_LOOP_ANALYSIS = YES;
				CLANG_WARN_STRICT_PROTOTYPES = YES;
				CLANG_WARN_SUSPICIOUS_MOVE = YES;
				CLANG_WARN_UNGUARDED_AVAILABILITY = YES_AGGRESSIVE;
				CLANG_WARN_UNREACHABLE_CODE = YES;
				CLANG_WARN__DUPLICATE_METHOD_MATCH = YES;
				CODE_SIGN_IDENTITY = "iPhone Developer";
				COPY_PHASE_STRIP = NO;
				DEBUG_INFORMATION_FORMAT = dwarf;
				ENABLE_STRICT_OBJC_MSGSEND = YES;
				ENABLE_TESTABILITY = YES;
				GCC_C_LANGUAGE_STANDARD = gnu11;
				GCC_DYNAMIC_NO_PIC = NO;
				GCC_NO_COMMON_BLOCKS = YES;
				GCC_OPTIMIZATION_LEVEL = 0;
				GCC_PREPROCESSOR_DEFINITIONS = (
					"DEBUG=1",
					"$(inherited)",
				);
				GCC_WARN_64_TO_32_BIT_CONVERSION = YES;
				GCC_WARN_ABOUT_RETURN_TYPE = YES_ERROR;
				GCC_WARN_UNDECLARED_SELECTOR = YES;
				GCC_WARN_UNINITIALIZED_AUTOS = YES_AGGRESSIVE;
				GCC_WARN_UNUSED_FUNCTION = YES;
				GCC_WARN_UNUSED_VARIABLE = YES;
				IPHONEOS_DEPLOYMENT_TARGET = 12.4;
				MTL_ENABLE_DEBUG_INFO = INCLUDE_SOURCE;
				MTL_FAST_MATH = YES;
				ONLY_ACTIVE_ARCH = YES;
				SDKROOT = iphoneos;
				SWIFT_ACTIVE_COMPILATION_CONDITIONS = DEBUG;
				SWIFT_OPTIMIZATION_LEVEL = "-Onone";
			};
			name = Debug;
		};
		DA26634D23100EBC0078C6D8 /* Release */ = {
			isa = XCBuildConfiguration;
			buildSettings = {
				ALWAYS_SEARCH_USER_PATHS = NO;
				CLANG_ANALYZER_NONNULL = YES;
				CLANG_ANALYZER_NUMBER_OBJECT_CONVERSION = YES_AGGRESSIVE;
				CLANG_CXX_LANGUAGE_STANDARD = "gnu++14";
				CLANG_CXX_LIBRARY = "libc++";
				CLANG_ENABLE_MODULES = YES;
				CLANG_ENABLE_OBJC_ARC = YES;
				CLANG_ENABLE_OBJC_WEAK = YES;
				CLANG_WARN_BLOCK_CAPTURE_AUTORELEASING = YES;
				CLANG_WARN_BOOL_CONVERSION = YES;
				CLANG_WARN_COMMA = YES;
				CLANG_WARN_CONSTANT_CONVERSION = YES;
				CLANG_WARN_DEPRECATED_OBJC_IMPLEMENTATIONS = YES;
				CLANG_WARN_DIRECT_OBJC_ISA_USAGE = YES_ERROR;
				CLANG_WARN_DOCUMENTATION_COMMENTS = YES;
				CLANG_WARN_EMPTY_BODY = YES;
				CLANG_WARN_ENUM_CONVERSION = YES;
				CLANG_WARN_INFINITE_RECURSION = YES;
				CLANG_WARN_INT_CONVERSION = YES;
				CLANG_WARN_NON_LITERAL_NULL_CONVERSION = YES;
				CLANG_WARN_OBJC_IMPLICIT_RETAIN_SELF = YES;
				CLANG_WARN_OBJC_LITERAL_CONVERSION = YES;
				CLANG_WARN_OBJC_ROOT_CLASS = YES_ERROR;
				CLANG_WARN_RANGE_LOOP_ANALYSIS = YES;
				CLANG_WARN_STRICT_PROTOTYPES = YES;
				CLANG_WARN_SUSPICIOUS_MOVE = YES;
				CLANG_WARN_UNGUARDED_AVAILABILITY = YES_AGGRESSIVE;
				CLANG_WARN_UNREACHABLE_CODE = YES;
				CLANG_WARN__DUPLICATE_METHOD_MATCH = YES;
				CODE_SIGN_IDENTITY = "iPhone Developer";
				COPY_PHASE_STRIP = NO;
				DEBUG_INFORMATION_FORMAT = "dwarf-with-dsym";
				ENABLE_NS_ASSERTIONS = NO;
				ENABLE_STRICT_OBJC_MSGSEND = YES;
				GCC_C_LANGUAGE_STANDARD = gnu11;
				GCC_NO_COMMON_BLOCKS = YES;
				GCC_WARN_64_TO_32_BIT_CONVERSION = YES;
				GCC_WARN_ABOUT_RETURN_TYPE = YES_ERROR;
				GCC_WARN_UNDECLARED_SELECTOR = YES;
				GCC_WARN_UNINITIALIZED_AUTOS = YES_AGGRESSIVE;
				GCC_WARN_UNUSED_FUNCTION = YES;
				GCC_WARN_UNUSED_VARIABLE = YES;
				IPHONEOS_DEPLOYMENT_TARGET = 12.4;
				MTL_ENABLE_DEBUG_INFO = NO;
				MTL_FAST_MATH = YES;
				SDKROOT = iphoneos;
				SWIFT_COMPILATION_MODE = wholemodule;
				SWIFT_OPTIMIZATION_LEVEL = "-O";
				VALIDATE_PRODUCT = YES;
			};
			name = Release;
		};
		DA26634F23100EBC0078C6D8 /* Debug */ = {
			isa = XCBuildConfiguration;
			buildSettings = {
				ASSETCATALOG_COMPILER_APPICON_NAME = AppIcon;
				CODE_SIGN_STYLE = Automatic;
				DEVELOPMENT_TEAM = ZGXYB2UJT9;
				INFOPLIST_FILE = "$(SRCROOT)/MyNetworkApp/App/Info.plist";
				LD_RUNPATH_SEARCH_PATHS = (
					"$(inherited)",
					"@executable_path/Frameworks",
				);
				PRODUCT_BUNDLE_IDENTIFIER = Brisk.MyNetworkApp;
				PRODUCT_NAME = "$(TARGET_NAME)";
				SWIFT_VERSION = 5.0;
				TARGETED_DEVICE_FAMILY = "1,2";
			};
			name = Debug;
		};
		DA26635023100EBC0078C6D8 /* Release */ = {
			isa = XCBuildConfiguration;
			buildSettings = {
				ASSETCATALOG_COMPILER_APPICON_NAME = AppIcon;
				CODE_SIGN_STYLE = Automatic;
				DEVELOPMENT_TEAM = ZGXYB2UJT9;
				INFOPLIST_FILE = "$(SRCROOT)/MyNetworkApp/App/Info.plist";
				LD_RUNPATH_SEARCH_PATHS = (
					"$(inherited)",
					"@executable_path/Frameworks",
				);
				PRODUCT_BUNDLE_IDENTIFIER = Brisk.MyNetworkApp;
				PRODUCT_NAME = "$(TARGET_NAME)";
				SWIFT_VERSION = 5.0;
				TARGETED_DEVICE_FAMILY = "1,2";
			};
			name = Release;
		};
/* End XCBuildConfiguration section */

/* Begin XCConfigurationList section */
		DA26633723100EBB0078C6D8 /* Build configuration list for PBXProject "MyNetworkApp" */ = {
			isa = XCConfigurationList;
			buildConfigurations = (
				DA26634C23100EBC0078C6D8 /* Debug */,
				DA26634D23100EBC0078C6D8 /* Release */,
			);
			defaultConfigurationIsVisible = 0;
			defaultConfigurationName = Release;
		};
		DA26634E23100EBC0078C6D8 /* Build configuration list for PBXNativeTarget "MyNetworkApp" */ = {
			isa = XCConfigurationList;
			buildConfigurations = (
				DA26634F23100EBC0078C6D8 /* Debug */,
				DA26635023100EBC0078C6D8 /* Release */,
			);
			defaultConfigurationIsVisible = 0;
			defaultConfigurationName = Release;
		};
/* End XCConfigurationList section */
	};
	rootObject = DA26633423100EBB0078C6D8 /* Project object */;
}
